// !$*UTF8*$!
{
	archiveVersion = 1;
	classes = {
	};
	objectVersion = 50;
	objects = {

/* Begin PBXBuildFile section */
		F452D8C42151EEB8003D42FC /* AppDelegate.swift in Sources */ = {isa = PBXBuildFile; fileRef = F452D8C32151EEB8003D42FC /* AppDelegate.swift */; };
		F452D8C62151EEB8003D42FC /* ViewController.swift in Sources */ = {isa = PBXBuildFile; fileRef = F452D8C52151EEB8003D42FC /* ViewController.swift */; };
		F452D8C92151EEB8003D42FC /* Main.storyboard in Resources */ = {isa = PBXBuildFile; fileRef = F452D8C72151EEB8003D42FC /* Main.storyboard */; };
		F452D8CB2151EEB9003D42FC /* Assets.xcassets in Resources */ = {isa = PBXBuildFile; fileRef = F452D8CA2151EEB9003D42FC /* Assets.xcassets */; };
		F452D8CE2151EEB9003D42FC /* LaunchScreen.storyboard in Resources */ = {isa = PBXBuildFile; fileRef = F452D8CC2151EEB9003D42FC /* LaunchScreen.storyboard */; };
		F452D8D72151FA00003D42FC /* tabViewController.swift in Sources */ = {isa = PBXBuildFile; fileRef = F452D8D62151FA00003D42FC /* tabViewController.swift */; };
		F452D8D92151FBA1003D42FC /* nextViewController.swift in Sources */ = {isa = PBXBuildFile; fileRef = F452D8D82151FBA1003D42FC /* nextViewController.swift */; };
/* End PBXBuildFile section */

/* Begin PBXFileReference section */
		F452D8C02151EEB8003D42FC /* CADisplayLink.app */ = {isa = PBXFileReference; explicitFileType = wrapper.application; includeInIndex = 0; path = CADisplayLink.app; sourceTree = BUILT_PRODUCTS_DIR; };
		F452D8C32151EEB8003D42FC /* AppDelegate.swift */ = {isa = PBXFileReference; lastKnownFileType = sourcecode.swift; path = AppDelegate.swift; sourceTree = "<group>"; };
		F452D8C52151EEB8003D42FC /* ViewController.swift */ = {isa = PBXFileReference; lastKnownFileType = sourcecode.swift; path = ViewController.swift; sourceTree = "<group>"; };
		F452D8C82151EEB8003D42FC /* Base */ = {isa = PBXFileReference; lastKnownFileType = file.storyboard; name = Base; path = Base.lproj/Main.storyboard; sourceTree = "<group>"; };
		F452D8CA2151EEB9003D42FC /* Assets.xcassets */ = {isa = PBXFileReference; lastKnownFileType = folder.assetcatalog; path = Assets.xcassets; sourceTree = "<group>"; };
		F452D8CD2151EEB9003D42FC /* Base */ = {isa = PBXFileReference; lastKnownFileType = file.storyboard; name = Base; path = Base.lproj/LaunchScreen.storyboard; sourceTree = "<group>"; };
		F452D8CF2151EEB9003D42FC /* Info.plist */ = {isa = PBXFileReference; lastKnownFileType = text.plist.xml; path = Info.plist; sourceTree = "<group>"; };
		F452D8D62151FA00003D42FC /* tabViewController.swift */ = {isa = PBXFileReference; lastKnownFileType = sourcecode.swift; path = tabViewController.swift; sourceTree = "<group>"; };
		F452D8D82151FBA1003D42FC /* nextViewController.swift */ = {isa = PBXFileReference; lastKnownFileType = sourcecode.swift; path = nextViewController.swift; sourceTree = "<group>"; };
/* End PBXFileReference section */

/* Begin PBXFrameworksBuildPhase section */
		F452D8BD2151EEB8003D42FC /* Frameworks */ = {
			isa = PBXFrameworksBuildPhase;
			buildActionMask = 2147483647;
			files = (
			);
			runOnlyForDeploymentPostprocessing = 0;
		};
/* End PBXFrameworksBuildPhase section */

/* Begin PBXGroup section */
		F452D8B72151EEB7003D42FC = {
			isa = PBXGroup;
			children = (
				F452D8C22151EEB8003D42FC /* CADisplayLink */,
				F452D8C12151EEB8003D42FC /* Products */,
			);
			sourceTree = "<group>";
		};
		F452D8C12151EEB8003D42FC /* Products */ = {
			isa = PBXGroup;
			children = (
				F452D8C02151EEB8003D42FC /* CADisplayLink.app */,
			);
			name = Products;
			sourceTree = "<group>";
		};
		F452D8C22151EEB8003D42FC /* CADisplayLink */ = {
			isa = PBXGroup;
			children = (
				F452D8D52151F9E4003D42FC /* controller */,
				F452D8C32151EEB8003D42FC /* AppDelegate.swift */,
				F452D8C72151EEB8003D42FC /* Main.storyboard */,
				F452D8CA2151EEB9003D42FC /* Assets.xcassets */,
				F452D8CC2151EEB9003D42FC /* LaunchScreen.storyboard */,
				F452D8CF2151EEB9003D42FC /* Info.plist */,
			);
			path = CADisplayLink;
			sourceTree = "<group>";
		};
		F452D8D52151F9E4003D42FC /* controller */ = {
			isa = PBXGroup;
			children = (
				F452D8C52151EEB8003D42FC /* ViewController.swift */,
				F452D8D82151FBA1003D42FC /* nextViewController.swift */,
				F452D8D62151FA00003D42FC /* tabViewController.swift */,
			);
			path = controller;
			sourceTree = "<group>";
		};
/* End PBXGroup section */

/* Begin PBXNativeTarget section */
		F452D8BF2151EEB8003D42FC /* CADisplayLink */ = {
			isa = PBXNativeTarget;
			buildConfigurationList = F452D8D22151EEB9003D42FC /* Build configuration list for PBXNativeTarget "CADisplayLink" */;
			buildPhases = (
				F452D8BC2151EEB8003D42FC /* Sources */,
				F452D8BD2151EEB8003D42FC /* Frameworks */,
				F452D8BE2151EEB8003D42FC /* Resources */,
			);
			buildRules = (
			);
			dependencies = (
			);
			name = CADisplayLink;
			productName = CADisplayLink;
			productReference = F452D8C02151EEB8003D42FC /* CADisplayLink.app */;
			productType = "com.apple.product-type.application";
		};
/* End PBXNativeTarget section */

/* Begin PBXProject section */
		F452D8B82151EEB7003D42FC /* Project object */ = {
			isa = PBXProject;
			attributes = {
				LastSwiftUpdateCheck = 1000;
				LastUpgradeCheck = 1000;
				ORGANIZATIONNAME = looiwenghoong;
				TargetAttributes = {
					F452D8BF2151EEB8003D42FC = {
						CreatedOnToolsVersion = 10.0;
					};
				};
			};
			buildConfigurationList = F452D8BB2151EEB7003D42FC /* Build configuration list for PBXProject "CADisplayLink" */;
			compatibilityVersion = "Xcode 9.3";
			developmentRegion = en;
			hasScannedForEncodings = 0;
			knownRegions = (
				en,
				Base,
			);
			mainGroup = F452D8B72151EEB7003D42FC;
			productRefGroup = F452D8C12151EEB8003D42FC /* Products */;
			projectDirPath = "";
			projectRoot = "";
			targets = (
				F452D8BF2151EEB8003D42FC /* CADisplayLink */,
			);
		};
/* End PBXProject section */

/* Begin PBXResourcesBuildPhase section */
		F452D8BE2151EEB8003D42FC /* Resources */ = {
			isa = PBXResourcesBuildPhase;
			buildActionMask = 2147483647;
			files = (
				F452D8CE2151EEB9003D42FC /* LaunchScreen.storyboard in Resources */,
				F452D8CB2151EEB9003D42FC /* Assets.xcassets in Resources */,
				F452D8C92151EEB8003D42FC /* Main.storyboard in Resources */,
			);
			runOnlyForDeploymentPostprocessing = 0;
		};
/* End PBXResourcesBuildPhase section */

/* Begin PBXSourcesBuildPhase section */
		F452D8BC2151EEB8003D42FC /* Sources */ = {
			isa = PBXSourcesBuildPhase;
			buildActionMask = 2147483647;
			files = (
				F452D8C62151EEB8003D42FC /* ViewController.swift in Sources */,
				F452D8D92151FBA1003D42FC /* nextViewController.swift in Sources */,
				F452D8D72151FA00003D42FC /* tabViewController.swift in Sources */,
				F452D8C42151EEB8003D42FC /* AppDelegate.swift in Sources */,
			);
			runOnlyForDeploymentPostprocessing = 0;
		};
/* End PBXSourcesBuildPhase section */

/* Begin PBXVariantGroup section */
		F452D8C72151EEB8003D42FC /* Main.storyboard */ = {
			isa = PBXVariantGroup;
			children = (
				F452D8C82151EEB8003D42FC /* Base */,
			);
			name = Main.storyboard;
			sourceTree = "<group>";
		};
		F452D8CC2151EEB9003D42FC /* LaunchScreen.storyboard */ = {
			isa = PBXVariantGroup;
			children = (
				F452D8CD2151EEB9003D42FC /* Base */,
			);
			name = LaunchScreen.storyboard;
			sourceTree = "<group>";
		};
/* End PBXVariantGroup section */

/* Begin XCBuildConfiguration section */
		F452D8D02151EEB9003D42FC /* Debug */ = {
			isa = XCBuildConfiguration;
			buildSettings = {
				ALWAYS_SEARCH_USER_PATHS = NO;
				CLANG_ANALYZER_NONNULL = YES;
				CLANG_ANALYZER_NUMBER_OBJECT_CONVERSION = YES_AGGRESSIVE;
				CLANG_CXX_LANGUAGE_STANDARD = "gnu++14";
				CLANG_CXX_LIBRARY = "libc++";
				CLANG_ENABLE_MODULES = YES;
				CLANG_ENABLE_OBJC_ARC = YES;
				CLANG_ENABLE_OBJC_WEAK = YES;
				CLANG_WARN_BLOCK_CAPTURE_AUTORELEASING = YES;
				CLANG_WARN_BOOL_CONVERSION = YES;
				CLANG_WARN_COMMA = YES;
				CLANG_WARN_CONSTANT_CONVERSION = YES;
				CLANG_WARN_DEPRECATED_OBJC_IMPLEMENTATIONS = YES;
				CLANG_WARN_DIRECT_OBJC_ISA_USAGE = YES_ERROR;
				CLANG_WARN_DOCUMENTATION_COMMENTS = YES;
				CLANG_WARN_EMPTY_BODY = YES;
				CLANG_WARN_ENUM_CONVERSION = YES;
				CLANG_WARN_INFINITE_RECURSION = YES;
				CLANG_WARN_INT_CONVERSION = YES;
				CLANG_WARN_NON_LITERAL_NULL_CONVERSION = YES;
				CLANG_WARN_OBJC_IMPLICIT_RETAIN_SELF = YES;
				CLANG_WARN_OBJC_LITERAL_CONVERSION = YES;
				CLANG_WARN_OBJC_ROOT_CLASS = YES_ERROR;
				CLANG_WARN_RANGE_LOOP_ANALYSIS = YES;
				CLANG_WARN_STRICT_PROTOTYPES = YES;
				CLANG_WARN_SUSPICIOUS_MOVE = YES;
				CLANG_WARN_UNGUARDED_AVAILABILITY = YES_AGGRESSIVE;
				CLANG_WARN_UNREACHABLE_CODE = YES;
				CLANG_WARN__DUPLICATE_METHOD_MATCH = YES;
				CODE_SIGN_IDENTITY = "iPhone Developer";
				COPY_PHASE_STRIP = NO;
				DEBUG_INFORMATION_FORMAT = dwarf;
				ENABLE_STRICT_OBJC_MSGSEND = YES;
				ENABLE_TESTABILITY = YES;
				GCC_C_LANGUAGE_STANDARD = gnu11;
				GCC_DYNAMIC_NO_PIC = NO;
				GCC_NO_COMMON_BLOCKS = YES;
				GCC_OPTIMIZATION_LEVEL = 0;
				GCC_PREPROCESSOR_DEFINITIONS = (
					"DEBUG=1",
					"$(inherited)",
				);
				GCC_WARN_64_TO_32_BIT_CONVERSION = YES;
				GCC_WARN_ABOUT_RETURN_TYPE = YES_ERROR;
				GCC_WARN_UNDECLARED_SELECTOR = YES;
				GCC_WARN_UNINITIALIZED_AUTOS = YES_AGGRESSIVE;
				GCC_WARN_UNUSED_FUNCTION = YES;
				GCC_WARN_UNUSED_VARIABLE = YES;
				IPHONEOS_DEPLOYMENT_TARGET = 12.0;
				MTL_ENABLE_DEBUG_INFO = INCLUDE_SOURCE;
				MTL_FAST_MATH = YES;
				ONLY_ACTIVE_ARCH = YES;
				SDKROOT = iphoneos;
				SWIFT_ACTIVE_COMPILATION_CONDITIONS = DEBUG;
				SWIFT_OPTIMIZATION_LEVEL = "-Onone";
			};
			name = Debug;
		};
		F452D8D12151EEB9003D42FC /* Release */ = {
			isa = XCBuildConfiguration;
			buildSettings = {
				ALWAYS_SEARCH_USER_PATHS = NO;
				CLANG_ANALYZER_NONNULL = YES;
				CLANG_ANALYZER_NUMBER_OBJECT_CONVERSION = YES_AGGRESSIVE;
				CLANG_CXX_LANGUAGE_STANDARD = "gnu++14";
				CLANG_CXX_LIBRARY = "libc++";
				CLANG_ENABLE_MODULES = YES;
				CLANG_ENABLE_OBJC_ARC = YES;
				CLANG_ENABLE_OBJC_WEAK = YES;
				CLANG_WARN_BLOCK_CAPTURE_AUTORELEASING = YES;
				CLANG_WARN_BOOL_CONVERSION = YES;
				CLANG_WARN_COMMA = YES;
				CLANG_WARN_CONSTANT_CONVERSION = YES;
				CLANG_WARN_DEPRECATED_OBJC_IMPLEMENTATIONS = YES;
				CLANG_WARN_DIRECT_OBJC_ISA_USAGE = YES_ERROR;
				CLANG_WARN_DOCUMENTATION_COMMENTS = YES;
				CLANG_WARN_EMPTY_BODY = YES;
				CLANG_WARN_ENUM_CONVERSION = YES;
				CLANG_WARN_INFINITE_RECURSION = YES;
				CLANG_WARN_INT_CONVERSION = YES;
				CLANG_WARN_NON_LITERAL_NULL_CONVERSION = YES;
				CLANG_WARN_OBJC_IMPLICIT_RETAIN_SELF = YES;
				CLANG_WARN_OBJC_LITERAL_CONVERSION = YES;
				CLANG_WARN_OBJC_ROOT_CLASS = YES_ERROR;
				CLANG_WARN_RANGE_LOOP_ANALYSIS = YES;
				CLANG_WARN_STRICT_PROTOTYPES = YES;
				CLANG_WARN_SUSPICIOUS_MOVE = YES;
				CLANG_WARN_UNGUARDED_AVAILABILITY = YES_AGGRESSIVE;
				CLANG_WARN_UNREACHABLE_CODE = YES;
				CLANG_WARN__DUPLICATE_METHOD_MATCH = YES;
				CODE_SIGN_IDENTITY = "iPhone Developer";
				COPY_PHASE_STRIP = NO;
				DEBUG_INFORMATION_FORMAT = "dwarf-with-dsym";
				ENABLE_NS_ASSERTIONS = NO;
				ENABLE_STRICT_OBJC_MSGSEND = YES;
				GCC_C_LANGUAGE_STANDARD = gnu11;
				GCC_NO_COMMON_BLOCKS = YES;
				GCC_WARN_64_TO_32_BIT_CONVERSION = YES;
				GCC_WARN_ABOUT_RETURN_TYPE = YES_ERROR;
				GCC_WARN_UNDECLARED_SELECTOR = YES;
				GCC_WARN_UNINITIALIZED_AUTOS = YES_AGGRESSIVE;
				GCC_WARN_UNUSED_FUNCTION = YES;
				GCC_WARN_UNUSED_VARIABLE = YES;
				IPHONEOS_DEPLOYMENT_TARGET = 12.0;
				MTL_ENABLE_DEBUG_INFO = NO;
				MTL_FAST_MATH = YES;
				SDKROOT = iphoneos;
				SWIFT_COMPILATION_MODE = wholemodule;
				SWIFT_OPTIMIZATION_LEVEL = "-O";
				VALIDATE_PRODUCT = YES;
			};
			name = Release;
		};
		F452D8D32151EEB9003D42FC /* Debug */ = {
			isa = XCBuildConfiguration;
			buildSettings = {
				ASSETCATALOG_COMPILER_APPICON_NAME = AppIcon;
				CODE_SIGN_STYLE = Automatic;
				INFOPLIST_FILE = CADisplayLink/Info.plist;
				LD_RUNPATH_SEARCH_PATHS = (
					"$(inherited)",
					"@executable_path/Frameworks",
				);
				PRODUCT_BUNDLE_IDENTIFIER = looi.CADisplayLink;
				PRODUCT_NAME = "$(TARGET_NAME)";
				SWIFT_VERSION = 4.2;
				TARGETED_DEVICE_FAMILY = "1,2";
			};
			name = Debug;
		};
		F452D8D42151EEB9003D42FC /* Release */ = {
			isa = XCBuildConfiguration;
			buildSettings = {
				ASSETCATALOG_COMPILER_APPICON_NAME = AppIcon;
				CODE_SIGN_STYLE = Automatic;
				INFOPLIST_FILE = CADisplayLink/Info.plist;
				LD_RUNPATH_SEARCH_PATHS = (
					"$(inherited)",
					"@executable_path/Frameworks",
				);
				PRODUCT_BUNDLE_IDENTIFIER = looi.CADisplayLink;
				PRODUCT_NAME = "$(TARGET_NAME)";
				SWIFT_VERSION = 4.2;
				TARGETED_DEVICE_FAMILY = "1,2";
			};
			name = Release;
		};
/* End XCBuildConfiguration section */

/* Begin XCConfigurationList section */
		F452D8BB2151EEB7003D42FC /* Build configuration list for PBXProject "CADisplayLink" */ = {
			isa = XCConfigurationList;
			buildConfigurations = (
				F452D8D02151EEB9003D42FC /* Debug */,
				F452D8D12151EEB9003D42FC /* Release */,
			);
			defaultConfigurationIsVisible = 0;
			defaultConfigurationName = Release;
		};
		F452D8D22151EEB9003D42FC /* Build configuration list for PBXNativeTarget "CADisplayLink" */ = {
			isa = XCConfigurationList;
			buildConfigurations = (
				F452D8D32151EEB9003D42FC /* Debug */,
				F452D8D42151EEB9003D42FC /* Release */,
			);
			defaultConfigurationIsVisible = 0;
			defaultConfigurationName = Release;
		};
/* End XCConfigurationList section */
	};
	rootObject = F452D8B82151EEB7003D42FC /* Project object */;
}
